{
  "name": "pabloduran",
  "lockfileVersion": 3,
  "requires": true,
  "packages": {
    "": {
      "dependencies": {
        "simplescrollup": "^1.1.1"
      }
    },
    "node_modules/simplescrollup": {
      "version": "1.1.1",
      "resolved": "https://registry.npmjs.org/simplescrollup/-/simplescrollup-1.1.1.tgz",
      "integrity": "sha512-XW7A4TeKL30bk88FJIzKaOgCNzLx6yCu9qNP8hbXxbEs39npRsOHDjtKr5G6H3M7ZCfI4N61F6/0vW7QUmKeFw=="
    }
  }
}
